
Microsoft Visual Studio Solution File, Format Version 12.00
Project("{FAE04EC0-301F-11D3-BF4B-00C04F79EFBC}") = "Web", "Web\Web.csproj", "{02C866F5-3966-49AF-9F95-7A1736DDD8D2}"
EndProject
Project("{FAE04EC0-301F-11D3-BF4B-00C04F79EFBC}") = "UnitTests", "UnitTests\UnitTests.csproj", "{21FEB2F7-49CC-46FB-B662-8906727DFEDA}"
EndProject
Project("{FAE04EC0-301F-11D3-BF4B-00C04F79EFBC}") = "Domain", "Domain\Domain.csproj", "{931CD15F-A9EA-4CE6-8DF3-46122334C73C}"
EndProject
Global
	GlobalSection(SolutionConfigurationPlatforms) = preSolution
		Debug|Any CPU = Debug|Any CPU
		Release|Any CPU = Release|Any CPU
	EndGlobalSection
	GlobalSection(ProjectConfigurationPlatforms) = postSolution
		{02C866F5-3966-49AF-9F95-7A1736DDD8D2}.Debug|Any CPU.ActiveCfg = Debug|Any CPU
		{02C866F5-3966-49AF-9F95-7A1736DDD8D2}.Debug|Any CPU.Build.0 = Debug|Any CPU
		{02C866F5-3966-49AF-9F95-7A1736DDD8D2}.Release|Any CPU.ActiveCfg = Release|Any CPU
		{02C866F5-3966-49AF-9F95-7A1736DDD8D2}.Release|Any CPU.Build.0 = Release|Any CPU
		{21FEB2F7-49CC-46FB-B662-8906727DFEDA}.Debug|Any CPU.ActiveCfg = Debug|Any CPU
		{21FEB2F7-49CC-46FB-B662-8906727DFEDA}.Debug|Any CPU.Build.0 = Debug|Any CPU
		{21FEB2F7-49CC-46FB-B662-8906727DFEDA}.Release|Any CPU.ActiveCfg = Release|Any CPU
		{21FEB2F7-49CC-46FB-B662-8906727DFEDA}.Release|Any CPU.Build.0 = Release|Any CPU
		{931CD15F-A9EA-4CE6-8DF3-46122334C73C}.Debug|Any CPU.ActiveCfg = Debug|Any CPU
		{931CD15F-A9EA-4CE6-8DF3-46122334C73C}.Debug|Any CPU.Build.0 = Debug|Any CPU
		{931CD15F-A9EA-4CE6-8DF3-46122334C73C}.Release|Any CPU.ActiveCfg = Release|Any CPU
		{931CD15F-A9EA-4CE6-8DF3-46122334C73C}.Release|Any CPU.Build.0 = Release|Any CPU
	EndGlobalSection
EndGlobal
